
Microsoft Visual Studio Solution File, Format Version 12.00
# Visual Studio Version 17
VisualStudioVersion = 17.5.33530.505
MinimumVisualStudioVersion = 10.0.40219.1
Project("{FAE04EC0-301F-11D3-BF4B-00C04F79EFBC}") = "WindowsFormsApp1", "WindowsFormsApp1.csproj", "{FC937DF7-2F79-4CE7-9E90-67B85323E5D1}"
EndProject
Global
	GlobalSection(SolutionConfigurationPlatforms) = preSolution
		Debug|Any CPU = Debug|Any CPU
		Release|Any CPU = Release|Any CPU
	EndGlobalSection
	GlobalSection(ProjectConfigurationPlatforms) = postSolution
		{FC937DF7-2F79-4CE7-9E90-67B85323E5D1}.Debug|Any CPU.ActiveCfg = Debug|Any CPU
		{FC937DF7-2F79-4CE7-9E90-67B85323E5D1}.Debug|Any CPU.Build.0 = Debug|Any CPU
		{FC937DF7-2F79-4CE7-9E90-67B85323E5D1}.Release|Any CPU.ActiveCfg = Release|Any CPU
		{FC937DF7-2F79-4CE7-9E90-67B85323E5D1}.Release|Any CPU.Build.0 = Release|Any CPU
	EndGlobalSection
	GlobalSection(SolutionProperties) = preSolution
		HideSolutionNode = FALSE
	EndGlobalSection
	GlobalSection(ExtensibilityGlobals) = postSolution
		SolutionGuid = {F2254C26-3AE7-4D76-B934-96E964646219}
	EndGlobalSection
EndGlobal
